
Microsoft Visual Studio Solution File, Format Version 12.00
# Visual Studio 2013
VisualStudioVersion = 12.0.31101.0
MinimumVisualStudioVersion = 10.0.40219.1
Project("{FAE04EC0-301F-11D3-BF4B-00C04F79EFBC}") = "Website", "Website\Website.csproj", "{CF26B38A-DEF9-4800-BBEF-2AF871A7C206}"
EndProject
Project("{FAE04EC0-301F-11D3-BF4B-00C04F79EFBC}") = "BackendService", "BackendService\BackendService.csproj", "{7649DB62-0CCE-4BDC-9A7A-EF9EDC7C22D4}"
EndProject
Project("{FAE04EC0-301F-11D3-BF4B-00C04F79EFBC}") = "DataAccessLayer", "DataAccessLayer\DataAccessLayer.csproj", "{8EBA1608-831A-4A72-86B9-3738288A5C91}"
EndProject
Global
	GlobalSection(SolutionConfigurationPlatforms) = preSolution
		Debug|Any CPU = Debug|Any CPU
		Release|Any CPU = Release|Any CPU
	EndGlobalSection
	GlobalSection(ProjectConfigurationPlatforms) = postSolution
		{CF26B38A-DEF9-4800-BBEF-2AF871A7C206}.Debug|Any CPU.ActiveCfg = Debug|Any CPU
		{CF26B38A-DEF9-4800-BBEF-2AF871A7C206}.Debug|Any CPU.Build.0 = Debug|Any CPU
		{CF26B38A-DEF9-4800-BBEF-2AF871A7C206}.Release|Any CPU.ActiveCfg = Release|Any CPU
		{CF26B38A-DEF9-4800-BBEF-2AF871A7C206}.Release|Any CPU.Build.0 = Release|Any CPU
		{7649DB62-0CCE-4BDC-9A7A-EF9EDC7C22D4}.Debug|Any CPU.ActiveCfg = Debug|Any CPU
		{7649DB62-0CCE-4BDC-9A7A-EF9EDC7C22D4}.Debug|Any CPU.Build.0 = Debug|Any CPU
		{7649DB62-0CCE-4BDC-9A7A-EF9EDC7C22D4}.Release|Any CPU.ActiveCfg = Release|Any CPU
		{7649DB62-0CCE-4BDC-9A7A-EF9EDC7C22D4}.Release|Any CPU.Build.0 = Release|Any CPU
		{8EBA1608-831A-4A72-86B9-3738288A5C91}.Debug|Any CPU.ActiveCfg = Debug|Any CPU
		{8EBA1608-831A-4A72-86B9-3738288A5C91}.Debug|Any CPU.Build.0 = Debug|Any CPU
		{8EBA1608-831A-4A72-86B9-3738288A5C91}.Release|Any CPU.ActiveCfg = Release|Any CPU
		{8EBA1608-831A-4A72-86B9-3738288A5C91}.Release|Any CPU.Build.0 = Release|Any CPU
	EndGlobalSection
	GlobalSection(SolutionProperties) = preSolution
		HideSolutionNode = FALSE
	EndGlobalSection
EndGlobal
